
Microsoft Visual Studio Solution File, Format Version 12.00
# Visual Studio Version 16
VisualStudioVersion = 16.0.809.1
MinimumVisualStudioVersion = 10.0.40219.1
Project("{FAE04EC0-301F-11D3-BF4B-00C04F79EFBC}") = "InputMethodDemo2", "InputMethodDemo2\InputMethodDemo2.csproj", "{E3EE369B-E040-43DE-89EF-E6FF3F308022}"
EndProject
Global
	GlobalSection(SolutionConfigurationPlatforms) = preSolution
		Debug|Any CPU = Debug|Any CPU
		Release|Any CPU = Release|Any CPU
	EndGlobalSection
	GlobalSection(ProjectConfigurationPlatforms) = postSolution
		{E3EE369B-E040-43DE-89EF-E6FF3F308022}.Debug|Any CPU.ActiveCfg = Debug|Any CPU
		{E3EE369B-E040-43DE-89EF-E6FF3F308022}.Debug|Any CPU.Build.0 = Debug|Any CPU
		{E3EE369B-E040-43DE-89EF-E6FF3F308022}.Release|Any CPU.ActiveCfg = Release|Any CPU
		{E3EE369B-E040-43DE-89EF-E6FF3F308022}.Release|Any CPU.Build.0 = Release|Any CPU
	EndGlobalSection
	GlobalSection(SolutionProperties) = preSolution
		HideSolutionNode = FALSE
	EndGlobalSection
	GlobalSection(ExtensibilityGlobals) = postSolution
		SolutionGuid = {2534886D-B924-4249-B195-A488D92F19E5}
	EndGlobalSection
EndGlobal
