
Microsoft Visual Studio Solution File, Format Version 12.00
# Visual Studio Version 16
VisualStudioVersion = 16.0.809.1
MinimumVisualStudioVersion = 10.0.40219.1
Project("{FAE04EC0-301F-11D3-BF4B-00C04F79EFBC}") = "AdmissionModularized", "AdmissionModularized\AdmissionModularized.csproj", "{88EDEDEE-A854-4BE5-BF39-17D1CCC304F7}"
EndProject
Global
	GlobalSection(SolutionConfigurationPlatforms) = preSolution
		Debug|Any CPU = Debug|Any CPU
		Release|Any CPU = Release|Any CPU
	EndGlobalSection
	GlobalSection(ProjectConfigurationPlatforms) = postSolution
		{88EDEDEE-A854-4BE5-BF39-17D1CCC304F7}.Debug|Any CPU.ActiveCfg = Debug|Any CPU
		{88EDEDEE-A854-4BE5-BF39-17D1CCC304F7}.Debug|Any CPU.Build.0 = Debug|Any CPU
		{88EDEDEE-A854-4BE5-BF39-17D1CCC304F7}.Release|Any CPU.ActiveCfg = Release|Any CPU
		{88EDEDEE-A854-4BE5-BF39-17D1CCC304F7}.Release|Any CPU.Build.0 = Release|Any CPU
	EndGlobalSection
	GlobalSection(SolutionProperties) = preSolution
		HideSolutionNode = FALSE
	EndGlobalSection
	GlobalSection(ExtensibilityGlobals) = postSolution
		SolutionGuid = {24C8082E-7744-484B-9171-D7959E840153}
	EndGlobalSection
EndGlobal
