
Microsoft Visual Studio Solution File, Format Version 12.00
# Visual Studio Version 16
VisualStudioVersion = 16.0.809.1
MinimumVisualStudioVersion = 10.0.40219.1
Project("{FAE04EC0-301F-11D3-BF4B-00C04F79EFBC}") = "Reverse3", "Reverse3\Reverse3.csproj", "{685BA53C-6F55-4DD4-9251-74B97A9ABA56}"
EndProject
Global
	GlobalSection(SolutionConfigurationPlatforms) = preSolution
		Debug|Any CPU = Debug|Any CPU
		Release|Any CPU = Release|Any CPU
	EndGlobalSection
	GlobalSection(ProjectConfigurationPlatforms) = postSolution
		{685BA53C-6F55-4DD4-9251-74B97A9ABA56}.Debug|Any CPU.ActiveCfg = Debug|Any CPU
		{685BA53C-6F55-4DD4-9251-74B97A9ABA56}.Debug|Any CPU.Build.0 = Debug|Any CPU
		{685BA53C-6F55-4DD4-9251-74B97A9ABA56}.Release|Any CPU.ActiveCfg = Release|Any CPU
		{685BA53C-6F55-4DD4-9251-74B97A9ABA56}.Release|Any CPU.Build.0 = Release|Any CPU
	EndGlobalSection
	GlobalSection(SolutionProperties) = preSolution
		HideSolutionNode = FALSE
	EndGlobalSection
	GlobalSection(ExtensibilityGlobals) = postSolution
		SolutionGuid = {3E1D7E45-C395-40EE-88DD-B085964F6BDF}
	EndGlobalSection
EndGlobal
