
Microsoft Visual Studio Solution File, Format Version 12.00
# Visual Studio Version 16
VisualStudioVersion = 16.0.809.1
MinimumVisualStudioVersion = 10.0.40219.1
Project("{FAE04EC0-301F-11D3-BF4B-00C04F79EFBC}") = "Averages", "Averages\Averages.csproj", "{46D6FE4C-6DFA-4A53-931B-AC816C2F2B70}"
EndProject
Global
	GlobalSection(SolutionConfigurationPlatforms) = preSolution
		Debug|Any CPU = Debug|Any CPU
		Release|Any CPU = Release|Any CPU
	EndGlobalSection
	GlobalSection(ProjectConfigurationPlatforms) = postSolution
		{46D6FE4C-6DFA-4A53-931B-AC816C2F2B70}.Debug|Any CPU.ActiveCfg = Debug|Any CPU
		{46D6FE4C-6DFA-4A53-931B-AC816C2F2B70}.Debug|Any CPU.Build.0 = Debug|Any CPU
		{46D6FE4C-6DFA-4A53-931B-AC816C2F2B70}.Release|Any CPU.ActiveCfg = Release|Any CPU
		{46D6FE4C-6DFA-4A53-931B-AC816C2F2B70}.Release|Any CPU.Build.0 = Release|Any CPU
	EndGlobalSection
	GlobalSection(SolutionProperties) = preSolution
		HideSolutionNode = FALSE
	EndGlobalSection
	GlobalSection(ExtensibilityGlobals) = postSolution
		SolutionGuid = {A2FB3D60-5D42-47F9-B326-AA469CEA102D}
	EndGlobalSection
EndGlobal
